
Microsoft Visual Studio Solution File, Format Version 12.00
# Visual Studio Version 17
VisualStudioVersion = 17.13.35818.85
MinimumVisualStudioVersion = 10.0.40219.1
Project("{FAE04EC0-301F-11D3-BF4B-00C04F79EFBC}") = "RandomGeneration", "RandomGeneration\RandomGeneration.csproj", "{3C6C2D7A-FE9F-409F-8EA7-B225BAE42CAF}"
EndProject
Project("{FAE04EC0-301F-11D3-BF4B-00C04F79EFBC}") = "SimpleCircle", "SimpleCircle\SimpleCircle.csproj", "{B2DFE393-DEEB-4425-8267-461DB6ED87CF}"
EndProject
Project("{FAE04EC0-301F-11D3-BF4B-00C04F79EFBC}") = "VectorCricle", "VectorCricle\VectorCricle.csproj", "{0CE39F49-7BEE-49FF-9D13-3F10DA20BFE6}"
EndProject
Project("{FAE04EC0-301F-11D3-BF4B-00C04F79EFBC}") = "VectorSphere", "VectorSphere\VectorSphere.csproj", "{EE408DD8-2147-4A3E-A833-F5788ECC8736}"
EndProject
Project("{FAE04EC0-301F-11D3-BF4B-00C04F79EFBC}") = "VectorSphere3D", "VectorSphere3D\VectorSphere3D.csproj", "{CB3B896D-FAE1-4A4A-A5C5-C759E865CA57}"
EndProject
Project("{FAE04EC0-301F-11D3-BF4B-00C04F79EFBC}") = "Common", "Common\Common.csproj", "{79305C7B-4E62-4D68-8E6D-D17231106052}"
EndProject
Project("{FAE04EC0-301F-11D3-BF4B-00C04F79EFBC}") = "TripleCricle", "TripleCricle\TripleCricle.csproj", "{707328A5-A6FF-4A6B-A124-2B7703A30013}"
EndProject
Project("{FAE04EC0-301F-11D3-BF4B-00C04F79EFBC}") = "DoubleSphere", "DoubleSphere\DoubleSphere.csproj", "{5F705D5F-EDFA-494F-BC8D-34D1BA181CBC}"
EndProject
Project("{FAE04EC0-301F-11D3-BF4B-00C04F79EFBC}") = "SphereSculpture", "SphereSculpture\SphereSculpture.csproj", "{70E90693-1AF4-4404-8CEC-AA8FBF51BD9E}"
EndProject
Project("{FAE04EC0-301F-11D3-BF4B-00C04F79EFBC}") = "SphereSculpture10k", "SphereSculpture10k\SphereSculpture10k.csproj", "{3D1A0795-73D3-49A0-9336-0E7F982765B7}"
EndProject
Project("{FAE04EC0-301F-11D3-BF4B-00C04F79EFBC}") = "GreenSphere", "GreenSphere\GreenSphere.csproj", "{D8897511-6ACA-4097-9A5B-D6E937DA1BAA}"
EndProject
Global
	GlobalSection(SolutionConfigurationPlatforms) = preSolution
		Debug|Any CPU = Debug|Any CPU
		Release|Any CPU = Release|Any CPU
	EndGlobalSection
	GlobalSection(ProjectConfigurationPlatforms) = postSolution
		{3C6C2D7A-FE9F-409F-8EA7-B225BAE42CAF}.Debug|Any CPU.ActiveCfg = Debug|Any CPU
		{3C6C2D7A-FE9F-409F-8EA7-B225BAE42CAF}.Debug|Any CPU.Build.0 = Debug|Any CPU
		{3C6C2D7A-FE9F-409F-8EA7-B225BAE42CAF}.Release|Any CPU.ActiveCfg = Release|Any CPU
		{3C6C2D7A-FE9F-409F-8EA7-B225BAE42CAF}.Release|Any CPU.Build.0 = Release|Any CPU
		{B2DFE393-DEEB-4425-8267-461DB6ED87CF}.Debug|Any CPU.ActiveCfg = Debug|Any CPU
		{B2DFE393-DEEB-4425-8267-461DB6ED87CF}.Debug|Any CPU.Build.0 = Debug|Any CPU
		{B2DFE393-DEEB-4425-8267-461DB6ED87CF}.Release|Any CPU.ActiveCfg = Release|Any CPU
		{B2DFE393-DEEB-4425-8267-461DB6ED87CF}.Release|Any CPU.Build.0 = Release|Any CPU
		{0CE39F49-7BEE-49FF-9D13-3F10DA20BFE6}.Debug|Any CPU.ActiveCfg = Debug|Any CPU
		{0CE39F49-7BEE-49FF-9D13-3F10DA20BFE6}.Debug|Any CPU.Build.0 = Debug|Any CPU
		{0CE39F49-7BEE-49FF-9D13-3F10DA20BFE6}.Release|Any CPU.ActiveCfg = Release|Any CPU
		{0CE39F49-7BEE-49FF-9D13-3F10DA20BFE6}.Release|Any CPU.Build.0 = Release|Any CPU
		{EE408DD8-2147-4A3E-A833-F5788ECC8736}.Debug|Any CPU.ActiveCfg = Debug|Any CPU
		{EE408DD8-2147-4A3E-A833-F5788ECC8736}.Debug|Any CPU.Build.0 = Debug|Any CPU
		{EE408DD8-2147-4A3E-A833-F5788ECC8736}.Release|Any CPU.ActiveCfg = Release|Any CPU
		{EE408DD8-2147-4A3E-A833-F5788ECC8736}.Release|Any CPU.Build.0 = Release|Any CPU
		{CB3B896D-FAE1-4A4A-A5C5-C759E865CA57}.Debug|Any CPU.ActiveCfg = Debug|Any CPU
		{CB3B896D-FAE1-4A4A-A5C5-C759E865CA57}.Debug|Any CPU.Build.0 = Debug|Any CPU
		{CB3B896D-FAE1-4A4A-A5C5-C759E865CA57}.Release|Any CPU.ActiveCfg = Release|Any CPU
		{CB3B896D-FAE1-4A4A-A5C5-C759E865CA57}.Release|Any CPU.Build.0 = Release|Any CPU
		{79305C7B-4E62-4D68-8E6D-D17231106052}.Debug|Any CPU.ActiveCfg = Debug|Any CPU
		{79305C7B-4E62-4D68-8E6D-D17231106052}.Debug|Any CPU.Build.0 = Debug|Any CPU
		{79305C7B-4E62-4D68-8E6D-D17231106052}.Release|Any CPU.ActiveCfg = Release|Any CPU
		{79305C7B-4E62-4D68-8E6D-D17231106052}.Release|Any CPU.Build.0 = Release|Any CPU
		{707328A5-A6FF-4A6B-A124-2B7703A30013}.Debug|Any CPU.ActiveCfg = Debug|Any CPU
		{707328A5-A6FF-4A6B-A124-2B7703A30013}.Debug|Any CPU.Build.0 = Debug|Any CPU
		{707328A5-A6FF-4A6B-A124-2B7703A30013}.Release|Any CPU.ActiveCfg = Release|Any CPU
		{707328A5-A6FF-4A6B-A124-2B7703A30013}.Release|Any CPU.Build.0 = Release|Any CPU
		{5F705D5F-EDFA-494F-BC8D-34D1BA181CBC}.Debug|Any CPU.ActiveCfg = Debug|Any CPU
		{5F705D5F-EDFA-494F-BC8D-34D1BA181CBC}.Debug|Any CPU.Build.0 = Debug|Any CPU
		{5F705D5F-EDFA-494F-BC8D-34D1BA181CBC}.Release|Any CPU.ActiveCfg = Release|Any CPU
		{5F705D5F-EDFA-494F-BC8D-34D1BA181CBC}.Release|Any CPU.Build.0 = Release|Any CPU
		{70E90693-1AF4-4404-8CEC-AA8FBF51BD9E}.Debug|Any CPU.ActiveCfg = Debug|Any CPU
		{70E90693-1AF4-4404-8CEC-AA8FBF51BD9E}.Debug|Any CPU.Build.0 = Debug|Any CPU
		{70E90693-1AF4-4404-8CEC-AA8FBF51BD9E}.Release|Any CPU.ActiveCfg = Release|Any CPU
		{70E90693-1AF4-4404-8CEC-AA8FBF51BD9E}.Release|Any CPU.Build.0 = Release|Any CPU
		{3D1A0795-73D3-49A0-9336-0E7F982765B7}.Debug|Any CPU.ActiveCfg = Debug|Any CPU
		{3D1A0795-73D3-49A0-9336-0E7F982765B7}.Debug|Any CPU.Build.0 = Debug|Any CPU
		{3D1A0795-73D3-49A0-9336-0E7F982765B7}.Release|Any CPU.ActiveCfg = Release|Any CPU
		{3D1A0795-73D3-49A0-9336-0E7F982765B7}.Release|Any CPU.Build.0 = Release|Any CPU
		{D8897511-6ACA-4097-9A5B-D6E937DA1BAA}.Debug|Any CPU.ActiveCfg = Debug|Any CPU
		{D8897511-6ACA-4097-9A5B-D6E937DA1BAA}.Debug|Any CPU.Build.0 = Debug|Any CPU
		{D8897511-6ACA-4097-9A5B-D6E937DA1BAA}.Release|Any CPU.ActiveCfg = Release|Any CPU
		{D8897511-6ACA-4097-9A5B-D6E937DA1BAA}.Release|Any CPU.Build.0 = Release|Any CPU
	EndGlobalSection
	GlobalSection(SolutionProperties) = preSolution
		HideSolutionNode = FALSE
	EndGlobalSection
	GlobalSection(ExtensibilityGlobals) = postSolution
		SolutionGuid = {6B34816C-6A92-4275-A996-E4072C814910}
	EndGlobalSection
EndGlobal
